// !$*UTF8*$!
{
	archiveVersion = 1;
	classes = {
	};
	objectVersion = 46;
	objects = {

/* Begin PBXBuildFile section */
		D30453C21E89973E00CA581C /* LetteredFunctions.c in Sources */ = {isa = PBXBuildFile; fileRef = D30453C01E89973E00CA581C /* LetteredFunctions.c */; };
		D30453C31E89973E00CA581C /* LetteredFunctions.h in Headers */ = {isa = PBXBuildFile; fileRef = D30453C11E89973E00CA581C /* LetteredFunctions.h */; settings = {ATTRIBUTES = (Public, ); }; };
		D30453C61E89976500CA581C /* IntegrationFunctions.c in Sources */ = {isa = PBXBuildFile; fileRef = D30453C41E89976500CA581C /* IntegrationFunctions.c */; };
		D30453C71E89976500CA581C /* IntegrationFunctions.h in Headers */ = {isa = PBXBuildFile; fileRef = D30453C51E89976500CA581C /* IntegrationFunctions.h */; settings = {ATTRIBUTES = (Public, ); }; };
		D30453CA1E89991600CA581C /* libgsl.a in Frameworks */ = {isa = PBXBuildFile; fileRef = D30453C91E89991600CA581C /* libgsl.a */; };
		D30453CD1E8BDC8B00CA581C /* Inductance.c in Sources */ = {isa = PBXBuildFile; fileRef = D30453CB1E8BDC8B00CA581C /* Inductance.c */; };
		D30453CE1E8BDC8B00CA581C /* Inductance.h in Headers */ = {isa = PBXBuildFile; fileRef = D30453CC1E8BDC8B00CA581C /* Inductance.h */; };
/* End PBXBuildFile section */

/* Begin PBXFileReference section */
		D30453B91E8996F800CA581C /* libBlueBookFunctions.a */ = {isa = PBXFileReference; explicitFileType = archive.ar; includeInIndex = 0; path = libBlueBookFunctions.a; sourceTree = BUILT_PRODUCTS_DIR; };
		D30453C01E89973E00CA581C /* LetteredFunctions.c */ = {isa = PBXFileReference; fileEncoding = 4; lastKnownFileType = sourcecode.c.c; path = LetteredFunctions.c; sourceTree = "<group>"; };
		D30453C11E89973E00CA581C /* LetteredFunctions.h */ = {isa = PBXFileReference; fileEncoding = 4; lastKnownFileType = sourcecode.c.h; path = LetteredFunctions.h; sourceTree = "<group>"; };
		D30453C41E89976500CA581C /* IntegrationFunctions.c */ = {isa = PBXFileReference; fileEncoding = 4; lastKnownFileType = sourcecode.c.c; path = IntegrationFunctions.c; sourceTree = "<group>"; };
		D30453C51E89976500CA581C /* IntegrationFunctions.h */ = {isa = PBXFileReference; fileEncoding = 4; lastKnownFileType = sourcecode.c.h; path = IntegrationFunctions.h; sourceTree = "<group>"; };
		D30453C91E89991600CA581C /* libgsl.a */ = {isa = PBXFileReference; lastKnownFileType = archive.ar; name = libgsl.a; path = ../GNU_Scientific_Library/lib/libgsl.a; sourceTree = "<group>"; };
		D30453CB1E8BDC8B00CA581C /* Inductance.c */ = {isa = PBXFileReference; fileEncoding = 4; lastKnownFileType = sourcecode.c.c; path = Inductance.c; sourceTree = "<group>"; };
		D30453CC1E8BDC8B00CA581C /* Inductance.h */ = {isa = PBXFileReference; fileEncoding = 4; lastKnownFileType = sourcecode.c.h; path = Inductance.h; sourceTree = "<group>"; };
/* End PBXFileReference section */

/* Begin PBXFrameworksBuildPhase section */
		D30453B61E8996F700CA581C /* Frameworks */ = {
			isa = PBXFrameworksBuildPhase;
			buildActionMask = 2147483647;
			files = (
				D30453CA1E89991600CA581C /* libgsl.a in Frameworks */,
			);
			runOnlyForDeploymentPostprocessing = 0;
		};
/* End PBXFrameworksBuildPhase section */

/* Begin PBXGroup section */
		D30453B01E8996F700CA581C = {
			isa = PBXGroup;
			children = (
				D30453CB1E8BDC8B00CA581C /* Inductance.c */,
				D30453CC1E8BDC8B00CA581C /* Inductance.h */,
				D30453C01E89973E00CA581C /* LetteredFunctions.c */,
				D30453C11E89973E00CA581C /* LetteredFunctions.h */,
				D30453C41E89976500CA581C /* IntegrationFunctions.c */,
				D30453C51E89976500CA581C /* IntegrationFunctions.h */,
				D30453BA1E8996F800CA581C /* Products */,
				D30453C81E89991600CA581C /* Frameworks */,
			);
			sourceTree = "<group>";
		};
		D30453BA1E8996F800CA581C /* Products */ = {
			isa = PBXGroup;
			children = (
				D30453B91E8996F800CA581C /* libBlueBookFunctions.a */,
			);
			name = Products;
			sourceTree = "<group>";
		};
		D30453C81E89991600CA581C /* Frameworks */ = {
			isa = PBXGroup;
			children = (
				D30453C91E89991600CA581C /* libgsl.a */,
			);
			name = Frameworks;
			sourceTree = "<group>";
		};
/* End PBXGroup section */

/* Begin PBXHeadersBuildPhase section */
		D30453B71E8996F700CA581C /* Headers */ = {
			isa = PBXHeadersBuildPhase;
			buildActionMask = 2147483647;
			files = (
				D30453C31E89973E00CA581C /* LetteredFunctions.h in Headers */,
				D30453CE1E8BDC8B00CA581C /* Inductance.h in Headers */,
				D30453C71E89976500CA581C /* IntegrationFunctions.h in Headers */,
			);
			runOnlyForDeploymentPostprocessing = 0;
		};
/* End PBXHeadersBuildPhase section */

/* Begin PBXNativeTarget section */
		D30453B81E8996F700CA581C /* BlueBookFunctions */ = {
			isa = PBXNativeTarget;
			buildConfigurationList = D30453BD1E8996F800CA581C /* Build configuration list for PBXNativeTarget "BlueBookFunctions" */;
			buildPhases = (
				D30453B51E8996F700CA581C /* Sources */,
				D30453B61E8996F700CA581C /* Frameworks */,
				D30453B71E8996F700CA581C /* Headers */,
			);
			buildRules = (
			);
			dependencies = (
			);
			name = BlueBookFunctions;
			productName = BlueBookFunctions;
			productReference = D30453B91E8996F800CA581C /* libBlueBookFunctions.a */;
			productType = "com.apple.product-type.library.static";
		};
/* End PBXNativeTarget section */

/* Begin PBXProject section */
		D30453B11E8996F700CA581C /* Project object */ = {
			isa = PBXProject;
			attributes = {
				LastUpgradeCheck = 0820;
				ORGANIZATIONNAME = "Peter Huber";
				TargetAttributes = {
					D30453B81E8996F700CA581C = {
						CreatedOnToolsVersion = 8.2.1;
						ProvisioningStyle = Automatic;
					};
				};
			};
			buildConfigurationList = D30453B41E8996F700CA581C /* Build configuration list for PBXProject "BlueBookFunctions" */;
			compatibilityVersion = "Xcode 3.2";
			developmentRegion = English;
			hasScannedForEncodings = 0;
			knownRegions = (
				en,
			);
			mainGroup = D30453B01E8996F700CA581C;
			productRefGroup = D30453BA1E8996F800CA581C /* Products */;
			projectDirPath = "";
			projectRoot = "";
			targets = (
				D30453B81E8996F700CA581C /* BlueBookFunctions */,
			);
		};
/* End PBXProject section */

/* Begin PBXSourcesBuildPhase section */
		D30453B51E8996F700CA581C /* Sources */ = {
			isa = PBXSourcesBuildPhase;
			buildActionMask = 2147483647;
			files = (
				D30453CD1E8BDC8B00CA581C /* Inductance.c in Sources */,
				D30453C61E89976500CA581C /* IntegrationFunctions.c in Sources */,
				D30453C21E89973E00CA581C /* LetteredFunctions.c in Sources */,
			);
			runOnlyForDeploymentPostprocessing = 0;
		};
/* End PBXSourcesBuildPhase section */

/* Begin XCBuildConfiguration section */
		D30453BB1E8996F800CA581C /* Debug */ = {
			isa = XCBuildConfiguration;
			buildSettings = {
				ALWAYS_SEARCH_USER_PATHS = NO;
				CLANG_ANALYZER_NONNULL = YES;
				CLANG_CXX_LANGUAGE_STANDARD = "gnu++0x";
				CLANG_CXX_LIBRARY = "libc++";
				CLANG_ENABLE_MODULES = YES;
				CLANG_ENABLE_OBJC_ARC = YES;
				CLANG_WARN_BOOL_CONVERSION = YES;
				CLANG_WARN_CONSTANT_CONVERSION = YES;
				CLANG_WARN_DIRECT_OBJC_ISA_USAGE = YES_ERROR;
				CLANG_WARN_DOCUMENTATION_COMMENTS = YES;
				CLANG_WARN_EMPTY_BODY = YES;
				CLANG_WARN_ENUM_CONVERSION = YES;
				CLANG_WARN_INFINITE_RECURSION = YES;
				CLANG_WARN_INT_CONVERSION = YES;
				CLANG_WARN_OBJC_ROOT_CLASS = YES_ERROR;
				CLANG_WARN_SUSPICIOUS_MOVE = YES;
				CLANG_WARN_UNREACHABLE_CODE = YES;
				CLANG_WARN__DUPLICATE_METHOD_MATCH = YES;
				CODE_SIGN_IDENTITY = "-";
				COPY_PHASE_STRIP = NO;
				DEBUG_INFORMATION_FORMAT = dwarf;
				ENABLE_STRICT_OBJC_MSGSEND = YES;
				ENABLE_TESTABILITY = YES;
				GCC_C_LANGUAGE_STANDARD = gnu99;
				GCC_DYNAMIC_NO_PIC = NO;
				GCC_NO_COMMON_BLOCKS = YES;
				GCC_OPTIMIZATION_LEVEL = 0;
				GCC_PREPROCESSOR_DEFINITIONS = (
					"DEBUG=1",
					"$(inherited)",
				);
				GCC_WARN_64_TO_32_BIT_CONVERSION = YES;
				GCC_WARN_ABOUT_RETURN_TYPE = YES_ERROR;
				GCC_WARN_UNDECLARED_SELECTOR = YES;
				GCC_WARN_UNINITIALIZED_AUTOS = YES_AGGRESSIVE;
				GCC_WARN_UNUSED_FUNCTION = YES;
				GCC_WARN_UNUSED_VARIABLE = YES;
				MACOSX_DEPLOYMENT_TARGET = 10.12;
				MTL_ENABLE_DEBUG_INFO = YES;
				ONLY_ACTIVE_ARCH = YES;
				SDKROOT = macosx;
			};
			name = Debug;
		};
		D30453BC1E8996F800CA581C /* Release */ = {
			isa = XCBuildConfiguration;
			buildSettings = {
				ALWAYS_SEARCH_USER_PATHS = NO;
				CLANG_ANALYZER_NONNULL = YES;
				CLANG_CXX_LANGUAGE_STANDARD = "gnu++0x";
				CLANG_CXX_LIBRARY = "libc++";
				CLANG_ENABLE_MODULES = YES;
				CLANG_ENABLE_OBJC_ARC = YES;
				CLANG_WARN_BOOL_CONVERSION = YES;
				CLANG_WARN_CONSTANT_CONVERSION = YES;
				CLANG_WARN_DIRECT_OBJC_ISA_USAGE = YES_ERROR;
				CLANG_WARN_DOCUMENTATION_COMMENTS = YES;
				CLANG_WARN_EMPTY_BODY = YES;
				CLANG_WARN_ENUM_CONVERSION = YES;
				CLANG_WARN_INFINITE_RECURSION = YES;
				CLANG_WARN_INT_CONVERSION = YES;
				CLANG_WARN_OBJC_ROOT_CLASS = YES_ERROR;
				CLANG_WARN_SUSPICIOUS_MOVE = YES;
				CLANG_WARN_UNREACHABLE_CODE = YES;
				CLANG_WARN__DUPLICATE_METHOD_MATCH = YES;
				CODE_SIGN_IDENTITY = "-";
				COPY_PHASE_STRIP = NO;
				DEBUG_INFORMATION_FORMAT = "dwarf-with-dsym";
				ENABLE_NS_ASSERTIONS = NO;
				ENABLE_STRICT_OBJC_MSGSEND = YES;
				GCC_C_LANGUAGE_STANDARD = gnu99;
				GCC_NO_COMMON_BLOCKS = YES;
				GCC_WARN_64_TO_32_BIT_CONVERSION = YES;
				GCC_WARN_ABOUT_RETURN_TYPE = YES_ERROR;
				GCC_WARN_UNDECLARED_SELECTOR = YES;
				GCC_WARN_UNINITIALIZED_AUTOS = YES_AGGRESSIVE;
				GCC_WARN_UNUSED_FUNCTION = YES;
				GCC_WARN_UNUSED_VARIABLE = YES;
				MACOSX_DEPLOYMENT_TARGET = 10.12;
				MTL_ENABLE_DEBUG_INFO = NO;
				SDKROOT = macosx;
			};
			name = Release;
		};
		D30453BE1E8996F800CA581C /* Debug */ = {
			isa = XCBuildConfiguration;
			buildSettings = {
				EXECUTABLE_PREFIX = lib;
				HEADER_SEARCH_PATHS = "\"$(SRCROOT)/../GNU_Scientific_Library/include\"";
				"HEADER_SEARCH_PATHS[arch=*]" = "\"$(SRCROOT)/../GNU_Scientific_Library/include\"";
				LIBRARY_SEARCH_PATHS = "\"$(SRCROOT)/../GNU_Scientific_Library/lib\"";
				PRODUCT_NAME = "$(TARGET_NAME)";
				"USER_HEADER_SEARCH_PATHS[arch=*]" = "";
			};
			name = Debug;
		};
		D30453BF1E8996F800CA581C /* Release */ = {
			isa = XCBuildConfiguration;
			buildSettings = {
				EXECUTABLE_PREFIX = lib;
				HEADER_SEARCH_PATHS = "\"$(SRCROOT)/../GNU_Scientific_Library/include\"";
				LIBRARY_SEARCH_PATHS = "\"$(SRCROOT)/../GNU_Scientific_Library/lib\"";
				PRODUCT_NAME = "$(TARGET_NAME)";
			};
			name = Release;
		};
/* End XCBuildConfiguration section */

/* Begin XCConfigurationList section */
		D30453B41E8996F700CA581C /* Build configuration list for PBXProject "BlueBookFunctions" */ = {
			isa = XCConfigurationList;
			buildConfigurations = (
				D30453BB1E8996F800CA581C /* Debug */,
				D30453BC1E8996F800CA581C /* Release */,
			);
			defaultConfigurationIsVisible = 0;
			defaultConfigurationName = Release;
		};
		D30453BD1E8996F800CA581C /* Build configuration list for PBXNativeTarget "BlueBookFunctions" */ = {
			isa = XCConfigurationList;
			buildConfigurations = (
				D30453BE1E8996F800CA581C /* Debug */,
				D30453BF1E8996F800CA581C /* Release */,
			);
			defaultConfigurationIsVisible = 0;
		};
/* End XCConfigurationList section */
	};
	rootObject = D30453B11E8996F700CA581C /* Project object */;
}
